
Microsoft Visual Studio Solution File, Format Version 12.00
# Visual Studio Version 16
VisualStudioVersion = 16.0.32413.511
MinimumVisualStudioVersion = 10.0.40219.1
Project("{FAE04EC0-301F-11D3-BF4B-00C04F79EFBC}") = "petsNet", "petsNet\petsNet.csproj", "{761D49FE-40FB-4D24-B8A9-D47695D44544}"
EndProject
Global
	GlobalSection(SolutionConfigurationPlatforms) = preSolution
		Debug|Any CPU = Debug|Any CPU
		Release|Any CPU = Release|Any CPU
	EndGlobalSection
	GlobalSection(ProjectConfigurationPlatforms) = postSolution
		{761D49FE-40FB-4D24-B8A9-D47695D44544}.Debug|Any CPU.ActiveCfg = Debug|Any CPU
		{761D49FE-40FB-4D24-B8A9-D47695D44544}.Debug|Any CPU.Build.0 = Debug|Any CPU
		{761D49FE-40FB-4D24-B8A9-D47695D44544}.Release|Any CPU.ActiveCfg = Release|Any CPU
		{761D49FE-40FB-4D24-B8A9-D47695D44544}.Release|Any CPU.Build.0 = Release|Any CPU
	EndGlobalSection
	GlobalSection(SolutionProperties) = preSolution
		HideSolutionNode = FALSE
	EndGlobalSection
	GlobalSection(ExtensibilityGlobals) = postSolution
		SolutionGuid = {36B8DEE7-D8E7-4BA9-8522-212DA21FC4F0}
	EndGlobalSection
EndGlobal
